
Microsoft Visual Studio Solution File, Format Version 12.00
# Visual Studio Version 17
VisualStudioVersion = 17.14.36212.18
MinimumVisualStudioVersion = 10.0.40219.1
Project("{FAE04EC0-301F-11D3-BF4B-00C04F79EFBC}") = "TP4P1", "TP4P1\TP4P1.csproj", "{1F88DBDF-800B-42B5-900F-D5D8E3B52BE4}"
EndProject
Project("{FAE04EC0-301F-11D3-BF4B-00C04F79EFBC}") = "TP4P1Tests", "TP4P1Tests\TP4P1Tests.csproj", "{D6287BA1-10E0-4E26-AABD-4ADB796CC5B4}"
EndProject
Global
	GlobalSection(SolutionConfigurationPlatforms) = preSolution
		Debug|Any CPU = Debug|Any CPU
		Release|Any CPU = Release|Any CPU
	EndGlobalSection
	GlobalSection(ProjectConfigurationPlatforms) = postSolution
		{1F88DBDF-800B-42B5-900F-D5D8E3B52BE4}.Debug|Any CPU.ActiveCfg = Debug|Any CPU
		{1F88DBDF-800B-42B5-900F-D5D8E3B52BE4}.Debug|Any CPU.Build.0 = Debug|Any CPU
		{1F88DBDF-800B-42B5-900F-D5D8E3B52BE4}.Release|Any CPU.ActiveCfg = Release|Any CPU
		{1F88DBDF-800B-42B5-900F-D5D8E3B52BE4}.Release|Any CPU.Build.0 = Release|Any CPU
		{D6287BA1-10E0-4E26-AABD-4ADB796CC5B4}.Debug|Any CPU.ActiveCfg = Debug|Any CPU
		{D6287BA1-10E0-4E26-AABD-4ADB796CC5B4}.Debug|Any CPU.Build.0 = Debug|Any CPU
		{D6287BA1-10E0-4E26-AABD-4ADB796CC5B4}.Release|Any CPU.ActiveCfg = Release|Any CPU
		{D6287BA1-10E0-4E26-AABD-4ADB796CC5B4}.Release|Any CPU.Build.0 = Release|Any CPU
	EndGlobalSection
	GlobalSection(SolutionProperties) = preSolution
		HideSolutionNode = FALSE
	EndGlobalSection
	GlobalSection(ExtensibilityGlobals) = postSolution
		SolutionGuid = {962079AA-00CB-4134-A565-444BC72A458A}
	EndGlobalSection
EndGlobal
